
Microsoft Visual Studio Solution File, Format Version 12.00
# Visual Studio Version 16
VisualStudioVersion = 16.0.35425.106
MinimumVisualStudioVersion = 10.0.40219.1
Project("{8BC9CEB8-8B4A-11D0-8D11-00A0C91BC942}") = "Stub", "Stub\Stub.vcxproj", "{1DDB1482-CAAA-4699-AA96-C1D3B3B02994}"
EndProject
Project("{8BC9CEB8-8B4A-11D0-8D11-00A0C91BC942}") = "Packer", "Packer\Packer.vcxproj", "{5CEF5298-14C0-47A9-8447-729FDC22B177}"
EndProject
Global
	GlobalSection(SolutionConfigurationPlatforms) = preSolution
		Debug|x64 = Debug|x64
		Debug|x86 = Debug|x86
		Release|x64 = Release|x64
		Release|x86 = Release|x86
	EndGlobalSection
	GlobalSection(ProjectConfigurationPlatforms) = postSolution
		{1DDB1482-CAAA-4699-AA96-C1D3B3B02994}.Debug|x64.ActiveCfg = Debug|x64
		{1DDB1482-CAAA-4699-AA96-C1D3B3B02994}.Debug|x64.Build.0 = Debug|x64
		{1DDB1482-CAAA-4699-AA96-C1D3B3B02994}.Debug|x86.ActiveCfg = Debug|Win32
		{1DDB1482-CAAA-4699-AA96-C1D3B3B02994}.Debug|x86.Build.0 = Debug|Win32
		{1DDB1482-CAAA-4699-AA96-C1D3B3B02994}.Release|x64.ActiveCfg = Release|x64
		{1DDB1482-CAAA-4699-AA96-C1D3B3B02994}.Release|x64.Build.0 = Release|x64
		{1DDB1482-CAAA-4699-AA96-C1D3B3B02994}.Release|x86.ActiveCfg = Release|Win32
		{1DDB1482-CAAA-4699-AA96-C1D3B3B02994}.Release|x86.Build.0 = Release|Win32
		{5CEF5298-14C0-47A9-8447-729FDC22B177}.Debug|x64.ActiveCfg = Debug|x64
		{5CEF5298-14C0-47A9-8447-729FDC22B177}.Debug|x64.Build.0 = Debug|x64
		{5CEF5298-14C0-47A9-8447-729FDC22B177}.Debug|x86.ActiveCfg = Debug|Win32
		{5CEF5298-14C0-47A9-8447-729FDC22B177}.Debug|x86.Build.0 = Debug|Win32
		{5CEF5298-14C0-47A9-8447-729FDC22B177}.Release|x64.ActiveCfg = Release|x64
		{5CEF5298-14C0-47A9-8447-729FDC22B177}.Release|x64.Build.0 = Release|x64
		{5CEF5298-14C0-47A9-8447-729FDC22B177}.Release|x86.ActiveCfg = Release|Win32
		{5CEF5298-14C0-47A9-8447-729FDC22B177}.Release|x86.Build.0 = Release|Win32
	EndGlobalSection
	GlobalSection(SolutionProperties) = preSolution
		HideSolutionNode = FALSE
	EndGlobalSection
	GlobalSection(ExtensibilityGlobals) = postSolution
		SolutionGuid = {FC9ED950-A32C-409C-9012-BADA801C5903}
	EndGlobalSection
EndGlobal
